
Microsoft Visual Studio Solution File, Format Version 12.00
# Visual Studio Version 16
VisualStudioVersion = 16.0.30413.136
MinimumVisualStudioVersion = 10.0.40219.1
Project("{FAE04EC0-301F-11D3-BF4B-00C04F79EFBC}") = "PracticeExerciseWeek1", "PracticeExerciseWeek1.csproj", "{02DF3AC9-73F1-4BB2-B5A8-EB56CA009371}"
EndProject
Global
	GlobalSection(SolutionConfigurationPlatforms) = preSolution
		Debug|Any CPU = Debug|Any CPU
		Release|Any CPU = Release|Any CPU
	EndGlobalSection
	GlobalSection(ProjectConfigurationPlatforms) = postSolution
		{02DF3AC9-73F1-4BB2-B5A8-EB56CA009371}.Debug|Any CPU.ActiveCfg = Debug|Any CPU
		{02DF3AC9-73F1-4BB2-B5A8-EB56CA009371}.Debug|Any CPU.Build.0 = Debug|Any CPU
		{02DF3AC9-73F1-4BB2-B5A8-EB56CA009371}.Release|Any CPU.ActiveCfg = Release|Any CPU
		{02DF3AC9-73F1-4BB2-B5A8-EB56CA009371}.Release|Any CPU.Build.0 = Release|Any CPU
	EndGlobalSection
	GlobalSection(SolutionProperties) = preSolution
		HideSolutionNode = FALSE
	EndGlobalSection
	GlobalSection(ExtensibilityGlobals) = postSolution
		SolutionGuid = {9F4CE0DB-569D-4EAE-80CE-BF449098EE8B}
	EndGlobalSection
EndGlobal
